
Microsoft Visual Studio Solution File, Format Version 12.00
# Visual Studio Version 17
VisualStudioVersion = 17.6.33815.320
MinimumVisualStudioVersion = 10.0.40219.1
Project("{D2ABAB84-BF74-430A-B69E-9DC6D40DDA17}") = "PruebaParcialN2", "PruebaParcialN2\PruebaParcialN2.dwproj", "{3C37A80D-C50F-4D3D-B458-98A20150C5B7}"
EndProject
Global
	GlobalSection(SolutionConfigurationPlatforms) = preSolution
		Development|Default = Development|Default
	EndGlobalSection
	GlobalSection(ProjectConfigurationPlatforms) = postSolution
		{3C37A80D-C50F-4D3D-B458-98A20150C5B7}.Development|Default.ActiveCfg = Development
		{3C37A80D-C50F-4D3D-B458-98A20150C5B7}.Development|Default.Build.0 = Development
		{3C37A80D-C50F-4D3D-B458-98A20150C5B7}.Development|Default.Deploy.0 = Development
	EndGlobalSection
	GlobalSection(SolutionProperties) = preSolution
		HideSolutionNode = FALSE
	EndGlobalSection
	GlobalSection(ExtensibilityGlobals) = postSolution
		SolutionGuid = {A7363C2A-47FB-43A5-AF5F-3E369595FB38}
	EndGlobalSection
EndGlobal
